{
  "name": "lingo3d-example-react-gallery",
  "version": "0.0.0",
  "lockfileVersion": 1,
  "requires": true,
  "dependencies": {
    "@lincode/events": {
      "version": "1.0.23",
      "resolved": "https://registry.npmmirror.com/@lincode/events/-/events-1.0.23.tgz",
      "integrity": "sha512-6gzpHV0p8gXhbLvlE5ggj76H2AKZpAWOZBTsQWmeGCXbHlV5SQs2eHbrsZ2/fHJLQDHK1E6KfP4R81YIBQI2sA==",
      "requires": {
        "@lincode/promiselikes": "*",
        "@lincode/utils": "*"
      }
    },
    "@lincode/filetypes": {
      "version": "1.0.1",
      "resolved": "https://registry.npmmirror.com/@lincode/filetypes/-/filetypes-1.0.1.tgz",
      "integrity": "sha512-ltOOAqFCz9zRmhhis624r9ME7XNP2gYOAECa4kD5LxwEqZBto1/JK0mimDcnb6pZf4gvUjO+9tTyykQJfIcy4Q==",
      "requires": {
        "@lincode/utils": "*"
      }
    },
    "@lincode/hooks": {
      "version": "1.0.40",
      "resolved": "https://registry.npmmirror.com/@lincode/hooks/-/hooks-1.0.40.tgz",
      "integrity": "sha512-6btD8qUR6XhAxJNgOXrarJumdLcPBbgrg/mWHhG5JEQi5n5Mm/Y5nTHE4Y2zF2rG0grLKnIXIIxWH/Fs0dMk+w==",
      "requires": {
        "@lincode/promiselikes": "*",
        "@lincode/utils": "*",
        "intersection-observer": "*",
        "resize-observer-polyfill": "*"
      }
    },
    "@lincode/math": {
      "version": "1.0.8",
      "resolved": "https://registry.npmmirror.com/@lincode/math/-/math-1.0.8.tgz",
      "integrity": "sha512-lgjk6Wv3YdVTsLQD1wSj8w6xyGYR66Dvg/Nu1wQUYWicYKijuDZC4UMaYjY7jb1Zf2Iwi6RVdP4iFkrdPztsBw=="
    },
    "@lincode/promiselikes": {
      "version": "1.0.19",
      "resolved": "https://registry.npmmirror.com/@lincode/promiselikes/-/promiselikes-1.0.19.tgz",
      "integrity": "sha512-lLT+6IfCgo7ByvE9trgi3g3l/ol4sneXCNOrySYvkkFeqxJWhwb/fR24EKEpPb/CPREJolgutcMkuN7PExnaCA==",
      "requires": {
        "@lincode/utils": "*"
      }
    },
    "@lincode/react-global-state": {
      "version": "1.1.45",
      "resolved": "https://registry.npmmirror.com/@lincode/react-global-state/-/react-global-state-1.1.45.tgz",
      "integrity": "sha512-7x6Sf8AexcwS+Me2tfCokbU8hhURG7CvuFqT4XCpI9VyvaQLgyLjRj25wkhxUcd9AgHdEhW+LLhlwBq4PtYNAA==",
      "requires": {
        "@lincode/reactivity": "*"
      }
    },
    "@lincode/react-joystick": {
      "version": "1.0.6",
      "resolved": "https://registry.npmmirror.com/@lincode/react-joystick/-/react-joystick-1.0.6.tgz",
      "integrity": "sha512-u39SiHzGgq9w+R1ZWZiYHszIigYPBF37HFKUuIkrn9R0MFt4PBQITlFHIfArgAuAF8amw3NGl99j0pS6xOZLsQ==",
      "requires": {
        "@lincode/hooks": "*",
        "@lincode/math": "*",
        "react-device-detect": "^2.1.2"
      },
      "dependencies": {
        "react-device-detect": {
          "version": "2.2.2",
          "resolved": "https://registry.npmmirror.com/react-device-detect/-/react-device-detect-2.2.2.tgz",
          "integrity": "sha512-zSN1gIAztUekp5qUT/ybHwQ9fmOqVT1psxpSlTn1pe0CO+fnJHKRLOWWac5nKxOxvOpD/w84hk1I+EydrJp7SA==",
          "requires": {
            "ua-parser-js": "^1.0.2"
          }
        }
      }
    },
    "@lincode/react-reticle": {
      "version": "1.1.2",
      "resolved": "https://registry.npmmirror.com/@lincode/react-reticle/-/react-reticle-1.1.2.tgz",
      "integrity": "sha512-4R1dV4nx1w1vamwhWDqt12SojsWc8+m5tC7IgXgdMGqh3zsxyimP2P0hdrovljcfYuZxk5VN0FfzCV11A9iS1g=="
    },
    "@lincode/reactivity": {
      "version": "1.0.64",
      "resolved": "https://registry.npmmirror.com/@lincode/reactivity/-/reactivity-1.0.64.tgz",
      "integrity": "sha512-aERdMEXaiusmlShMrJHrxnbEBBco6fZBLdPRPZFCdLZAXiwr570zDw8cWcj38zVlGfBg+jFwqpN8M3DdKkpqcg==",
      "requires": {
        "@lincode/events": "*",
        "@lincode/promiselikes": "*",
        "@lincode/utils": "*"
      }
    },
    "@lincode/utils": {
      "version": "1.2.50",
      "resolved": "https://registry.npmmirror.com/@lincode/utils/-/utils-1.2.50.tgz",
      "integrity": "sha512-1Idd7DHhQz9mr8ffsPVML/a8ThaVvP1e8xIZUPrU0CKd9Gz64g0t9SlcDuEzFSolKAi8Sg3+VgMST1MEhy2LxQ==",
      "requires": {
        "@types/lodash": "4",
        "lodash": "4"
      },
      "dependencies": {
        "@types/lodash": {
          "version": "4.14.182",
          "resolved": "https://registry.npmmirror.com/@types/lodash/-/lodash-4.14.182.tgz",
          "integrity": "sha512-/THyiqyQAP9AfARo4pF+aCGcyiQ94tX/Is2I7HofNRqoYLgN1PBoOWu2/zTA5zMxzP5EFutMtWtGAFRKUe961Q=="
        },
        "lodash": {
          "version": "4.17.21",
          "resolved": "https://registry.npmmirror.com/lodash/-/lodash-4.17.21.tgz",
          "integrity": "sha512-v2kDEe57lecTulaDIuNTPy3Ry4gLGJ6Z1O3vE1krgXZNrsQ+LFTGHVxVjcXPs17LhbZVGedAJv8XZ1tvj5FvSg=="
        }
      }
    },
    "@pinyinma/guid": {
      "version": "1.0.1",
      "resolved": "https://registry.npmmirror.com/@pinyinma/guid/-/guid-1.0.1.tgz",
      "integrity": "sha512-U8rv4xNplWfdGTUoFp8/hpEOgmeD9nM3qODmPk4fpNy6+nkncj6TYY70ZM7icjVlN82Lh3hFnuPC8sjlHz7Sxw=="
    },
    "intersection-observer": {
      "version": "0.12.0",
      "resolved": "https://registry.npmmirror.com/intersection-observer/-/intersection-observer-0.12.0.tgz",
      "integrity": "sha512-2Vkz8z46Dv401zTWudDGwO7KiGHNDkMv417T5ItcNYfmvHR/1qCTVBO9vwH8zZmQ0WkA/1ARwpysR9bsnop4NQ=="
    },
    "lingo3d-react": {
      "version": "1.1.59",
      "resolved": "https://registry.npmmirror.com/lingo3d-react/-/lingo3d-react-1.1.59.tgz",
      "integrity": "sha512-59fa5tNqcKwK/kISNbOBD7XS89SJWqIGTUWCdti2QEsQutPSy48cmKZ9X0khZx2qU97c37tP1Pk6Clks3WQf1w==",
      "requires": {
        "@lincode/hooks": "^1.0.40",
        "@lincode/promiselikes": "^1.0.19",
        "@lincode/react-global-state": "^1.1.45",
        "@lincode/react-joystick": "^1.0.6",
        "@lincode/react-reticle": "^1.1.2",
        "@lincode/reactivity": "^1.0.64",
        "@lincode/utils": "^1.2.50",
        "@tweakpane/core": "1",
        "lingo3d": "1.9.79",
        "nanoid": "3",
        "popmotion": "11",
        "tweakpane": "3"
      },
      "dependencies": {
        "@lincode/utils": {
          "version": "1.2.50",
          "resolved": "https://registry.npmmirror.com/@lincode/utils/-/utils-1.2.50.tgz",
          "integrity": "sha512-1Idd7DHhQz9mr8ffsPVML/a8ThaVvP1e8xIZUPrU0CKd9Gz64g0t9SlcDuEzFSolKAi8Sg3+VgMST1MEhy2LxQ==",
          "requires": {
            "@types/lodash": "4",
            "lodash": "4"
          }
        },
        "@tweakpane/core": {
          "version": "1.0.9",
          "resolved": "https://registry.npmmirror.com/@tweakpane/core/-/core-1.0.9.tgz",
          "integrity": "sha512-vvS0IGhJ9Wq37vgldgF9Ohh5BA0RKapffhzyTN84170nt/0SCreXB9zIMLlbL4ZxvCKAKJ0080wJHS5aVhf20Q=="
        },
        "@types/lodash": {
          "version": "4.14.182",
          "resolved": "https://registry.npmmirror.com/@types/lodash/-/lodash-4.14.182.tgz",
          "integrity": "sha512-/THyiqyQAP9AfARo4pF+aCGcyiQ94tX/Is2I7HofNRqoYLgN1PBoOWu2/zTA5zMxzP5EFutMtWtGAFRKUe961Q=="
        },
        "@types/three": {
          "version": "0.139.0",
          "resolved": "https://registry.npmmirror.com/@types/three/-/three-0.139.0.tgz",
          "integrity": "sha512-4V/jZhyq7Mv05coUzxL3bz8AuBOSi/1F0RY7ujisHTV0Amy/fnYJ+s7TSJ1/hXjZukSkpuFRgV+wvWUEMbsMbQ=="
        },
        "cannon-es": {
          "version": "0.19.0",
          "resolved": "https://registry.npmmirror.com/cannon-es/-/cannon-es-0.19.0.tgz",
          "integrity": "sha512-fu9UXrjFmAQXq3JyBVPbtyc53suX+QHzikZEJykxroVNnIx1xHq0jZenK8qwhdwbBAtDL9n/47TyPELuSQwZuA=="
        },
        "framesync": {
          "version": "6.0.1",
          "resolved": "https://registry.npmmirror.com/framesync/-/framesync-6.0.1.tgz",
          "integrity": "sha512-fUY88kXvGiIItgNC7wcTOl0SNRCVXMKSWW2Yzfmn7EKNc+MpCzcz9DhdHcdjbrtN3c6R4H5dTY2jiCpPdysEjA==",
          "requires": {
            "tslib": "^2.1.0"
          }
        },
        "hey-listen": {
          "version": "1.0.8",
          "resolved": "https://registry.npmmirror.com/hey-listen/-/hey-listen-1.0.8.tgz",
          "integrity": "sha512-COpmrF2NOg4TBWUJ5UVyaCU2A88wEMkUPK4hNqyCkqHbxT92BbvfjoSozkAIIm6XhicGlJHhFdullInrdhwU8Q=="
        },
        "lingo3d": {
          "version": "1.9.79",
          "resolved": "https://registry.npmmirror.com/lingo3d/-/lingo3d-1.9.79.tgz",
          "integrity": "sha512-DdeWWrBg5wtaVRzdGi52QMovRTZ+BerPwNT9C7er8EGWeqipteg/q8Zjy8Rfxi0h0GZ8fuJQG4LD64urBp+4pg==",
          "requires": {
            "@lincode/events": "^1.0.23",
            "@lincode/filetypes": "^1.0.1",
            "@lincode/math": "^1.0.8",
            "@lincode/promiselikes": "^1.0.19",
            "@lincode/reactivity": "^1.0.64",
            "@lincode/utils": "^1.2.50",
            "@pinyinma/guid": "^1.0.1",
            "@types/three": "0.139.0",
            "cannon-es": "0.19.0",
            "resize-observer-polyfill": "1",
            "three": "0.139.0",
            "three-mesh-bvh": "0.5.8"
          }
        },
        "lodash": {
          "version": "4.17.21",
          "resolved": "https://registry.npmmirror.com/lodash/-/lodash-4.17.21.tgz",
          "integrity": "sha512-v2kDEe57lecTulaDIuNTPy3Ry4gLGJ6Z1O3vE1krgXZNrsQ+LFTGHVxVjcXPs17LhbZVGedAJv8XZ1tvj5FvSg=="
        },
        "nanoid": {
          "version": "3.3.4",
          "resolved": "https://registry.npmmirror.com/nanoid/-/nanoid-3.3.4.tgz",
          "integrity": "sha512-MqBkQh/OHTS2egovRtLk45wEyNXwF+cokD+1YPf9u5VfJiRdAiRwB2froX5Co9Rh20xs4siNPm8naNotSD6RBw=="
        },
        "popmotion": {
          "version": "11.0.3",
          "resolved": "https://registry.npmmirror.com/popmotion/-/popmotion-11.0.3.tgz",
          "integrity": "sha512-Y55FLdj3UxkR7Vl3s7Qr4e9m0onSnP8W7d/xQLsoJM40vs6UKHFdygs6SWryasTZYqugMjm3BepCF4CWXDiHgA==",
          "requires": {
            "framesync": "6.0.1",
            "hey-listen": "^1.0.8",
            "style-value-types": "5.0.0",
            "tslib": "^2.1.0"
          }
        },
        "style-value-types": {
          "version": "5.0.0",
          "resolved": "https://registry.npmmirror.com/style-value-types/-/style-value-types-5.0.0.tgz",
          "integrity": "sha512-08yq36Ikn4kx4YU6RD7jWEv27v4V+PUsOGa4n/as8Et3CuODMJQ00ENeAVXAeydX4Z2j1XHZF1K2sX4mGl18fA==",
          "requires": {
            "hey-listen": "^1.0.8",
            "tslib": "^2.1.0"
          }
        },
        "three": {
          "version": "0.139.0",
          "resolved": "https://registry.npmmirror.com/three/-/three-0.139.0.tgz",
          "integrity": "sha512-hZ4LkCjgoEM82WLaOVptDKGpB3SkEyuJP2OHe36AFO8hS2I6CrEiNanXj7wwR3wIPT7V5wi5Y5pFnncS5SVHgQ=="
        },
        "three-mesh-bvh": {
          "version": "0.5.8",
          "resolved": "https://registry.npmmirror.com/three-mesh-bvh/-/three-mesh-bvh-0.5.8.tgz",
          "integrity": "sha512-aw1hGGKP91WC98vDh+M7yGczwnmmtbcCwDjsh7hls076S91GuSfWbCoym3GK64uR0BhySlV5mEitCKQu3o7srg=="
        },
        "tslib": {
          "version": "2.4.0",
          "resolved": "https://registry.npmmirror.com/tslib/-/tslib-2.4.0.tgz",
          "integrity": "sha512-d6xOpEDfsi2CZVlPQzGeux8XMwLT9hssAsaPYExaQMuYskwb+x1x7J371tWlbBdWHroy99KnVB6qIkUbs5X3UQ=="
        },
        "tweakpane": {
          "version": "3.0.8",
          "resolved": "https://registry.npmmirror.com/tweakpane/-/tweakpane-3.0.8.tgz",
          "integrity": "sha512-vJuB0346B6gMpxnFDJyy2wcEshkvcTpQ74TCqJTeFaDvzq9FL29h5KszT1+YUTLlP+26OQI8PFGN8WbtOQStnQ=="
        }
      }
    },
    "react": {
      "version": "17.0.2",
      "resolved": "https://registry.npmmirror.com/react/-/react-17.0.2.tgz",
      "integrity": "sha512-gnhPt75i/dq/z3/6q/0asP78D0u592D5L1pd7M8P+dck6Fu/jJeL6iVVK23fptSUZj8Vjf++7wXA8UNclGQcbA==",
      "requires": {
        "loose-envify": "^1.1.0",
        "object-assign": "^4.1.1"
      },
      "dependencies": {
        "js-tokens": {
          "version": "4.0.0",
          "resolved": "https://registry.npmmirror.com/js-tokens/-/js-tokens-4.0.0.tgz",
          "integrity": "sha512-RdJUflcE3cUzKiMqQgsCu06FPu9UdIJO0beYbPhHN4k6apgJtifcoCtT9bcxOpYBtpD2kCM6Sbzg4CausW/PKQ=="
        },
        "loose-envify": {
          "version": "1.4.0",
          "resolved": "https://registry.npmmirror.com/loose-envify/-/loose-envify-1.4.0.tgz",
          "integrity": "sha512-lyuxPGr/Wfhrlem2CL/UcnUc1zcqKAImBDzukY7Y5F/yQiNdko6+fRLevlw1HgMySw7f611UIY408EtxRSoK3Q==",
          "requires": {
            "js-tokens": "^3.0.0 || ^4.0.0"
          }
        },
        "object-assign": {
          "version": "4.1.1",
          "resolved": "https://registry.npmmirror.com/object-assign/-/object-assign-4.1.1.tgz",
          "integrity": "sha512-rJgTQnkUnH1sFw8yT6VSU3zD3sWmu6sZhIseY8VX+GRu3P6F7Fu+JNDoXfklElbLJSnc3FUQHVe4cU5hj+BcUg=="
        }
      }
    },
    "react-dom": {
      "version": "17.0.2",
      "resolved": "https://registry.npmmirror.com/react-dom/-/react-dom-17.0.2.tgz",
      "integrity": "sha512-s4h96KtLDUQlsENhMn1ar8t2bEa+q/YAtj8pPPdIjPDGBDIVNsrD9aXNWqspUe6AzKCIG0C1HZZLqLV7qpOBGA==",
      "requires": {
        "loose-envify": "^1.1.0",
        "object-assign": "^4.1.1",
        "scheduler": "^0.20.2"
      },
      "dependencies": {
        "js-tokens": {
          "version": "4.0.0",
          "resolved": "https://registry.npmmirror.com/js-tokens/-/js-tokens-4.0.0.tgz",
          "integrity": "sha512-RdJUflcE3cUzKiMqQgsCu06FPu9UdIJO0beYbPhHN4k6apgJtifcoCtT9bcxOpYBtpD2kCM6Sbzg4CausW/PKQ=="
        },
        "loose-envify": {
          "version": "1.4.0",
          "resolved": "https://registry.npmmirror.com/loose-envify/-/loose-envify-1.4.0.tgz",
          "integrity": "sha512-lyuxPGr/Wfhrlem2CL/UcnUc1zcqKAImBDzukY7Y5F/yQiNdko6+fRLevlw1HgMySw7f611UIY408EtxRSoK3Q==",
          "requires": {
            "js-tokens": "^3.0.0 || ^4.0.0"
          }
        },
        "object-assign": {
          "version": "4.1.1",
          "resolved": "https://registry.npmmirror.com/object-assign/-/object-assign-4.1.1.tgz",
          "integrity": "sha512-rJgTQnkUnH1sFw8yT6VSU3zD3sWmu6sZhIseY8VX+GRu3P6F7Fu+JNDoXfklElbLJSnc3FUQHVe4cU5hj+BcUg=="
        },
        "scheduler": {
          "version": "0.20.2",
          "resolved": "https://registry.npmmirror.com/scheduler/-/scheduler-0.20.2.tgz",
          "integrity": "sha512-2eWfGgAqqWFGqtdMmcL5zCMK1U8KlXv8SQFGglL3CEtd0aDVDWgeF/YoCmvln55m5zSk3J/20hTaSBeSObsQDQ==",
          "requires": {
            "loose-envify": "^1.1.0",
            "object-assign": "^4.1.1"
          }
        }
      }
    },
    "resize-observer-polyfill": {
      "version": "1.5.1",
      "resolved": "https://registry.npmmirror.com/resize-observer-polyfill/-/resize-observer-polyfill-1.5.1.tgz",
      "integrity": "sha512-LwZrotdHOo12nQuZlHEmtuXdqGoOD0OhaxopaNFxWzInpEgaLWoVuAMbTzixuosCx2nEG58ngzW3vxdWoxIgdg=="
    },
    "ua-parser-js": {
      "version": "1.0.2",
      "resolved": "https://registry.npmmirror.com/ua-parser-js/-/ua-parser-js-1.0.2.tgz",
      "integrity": "sha512-00y/AXhx0/SsnI51fTc0rLRmafiGOM4/O+ny10Ps7f+j/b8p/ZY11ytMgznXkOVo4GQ+KwQG5UQLkLGirsACRg=="
    }
  }
}
